# THIS IS AN AUTOGENERATED FILE. DO NOT EDIT THIS FILE DIRECTLY.
# yarn lockfile v1


"@types/node@*":
  version "16.11.6"
  resolved "https://registry.npmjs.org/@types/node/-/node-16.11.6.tgz"
  integrity sha512-ua7PgUoeQFjmWPcoo9khiPum3Pd60k4/2ZGXt18sm2Slk0W0xZTqt5Y0Ny1NyBiN1EVQ/+FaF9NcY4Qe6rwk5w==

"@types/ws@^8.2.0":
  version "8.2.0"
  resolved "https://registry.npmjs.org/@types/ws/-/ws-8.2.0.tgz"
  integrity sha512-cyeefcUCgJlEk+hk2h3N+MqKKsPViQgF5boi9TTHSK+PoR9KWBb/C5ccPcDyAqgsbAYHTwulch725DV84+pSpg==
  dependencies:
    "@types/node" "*"

typescript@^4.5.1-rc:
  version "4.5.1-rc"
  resolved "https://registry.npmjs.org/typescript/-/typescript-4.5.1-rc.tgz"
  integrity sha512-tQBWW1DCFqweyhSzsAUSFgssJ3uuRBh0zyOkRV4CaFF2rMBkGU0I+MqPMch0qhGCUGXjOW7FgMrbQLS6PE3Z6Q==

ws@^8.2.3:
  version "8.2.3"
  resolved "https://registry.yarnpkg.com/ws/-/ws-8.2.3.tgz#63a56456db1b04367d0b721a0b80cae6d8becbba"
  integrity sha512-wBuoj1BDpC6ZQ1B7DWQBYVLphPWkm8i9Y0/3YdHjHKHiohOJ1ws+3OccDWtH+PoC9DZD5WOTrJvNbWvjS6JWaA==
